
Microsoft Visual Studio Solution File, Format Version 12.00
# Visual Studio Version 17
VisualStudioVersion = 17.6.33717.318
MinimumVisualStudioVersion = 10.0.40219.1
Project("{FAE04EC0-301F-11D3-BF4B-00C04F79EFBC}") = "WinFormsApp1", "WinFormsApp1\WinFormsApp1.csproj", "{CE1B48FB-36A8-4DB0-88E5-96D87AC59E30}"
EndProject
Global
	GlobalSection(SolutionConfigurationPlatforms) = preSolution
		Debug|Any CPU = Debug|Any CPU
		Release|Any CPU = Release|Any CPU
	EndGlobalSection
	GlobalSection(ProjectConfigurationPlatforms) = postSolution
		{CE1B48FB-36A8-4DB0-88E5-96D87AC59E30}.Debug|Any CPU.ActiveCfg = Debug|Any CPU
		{CE1B48FB-36A8-4DB0-88E5-96D87AC59E30}.Debug|Any CPU.Build.0 = Debug|Any CPU
		{CE1B48FB-36A8-4DB0-88E5-96D87AC59E30}.Release|Any CPU.ActiveCfg = Release|Any CPU
		{CE1B48FB-36A8-4DB0-88E5-96D87AC59E30}.Release|Any CPU.Build.0 = Release|Any CPU
	EndGlobalSection
	GlobalSection(SolutionProperties) = preSolution
		HideSolutionNode = FALSE
	EndGlobalSection
	GlobalSection(ExtensibilityGlobals) = postSolution
		SolutionGuid = {7BD1B4A0-0F14-40C4-B793-8A3C4FA81B1E}
	EndGlobalSection
EndGlobal
